
Microsoft Visual Studio Solution File, Format Version 12.00
# Visual Studio Version 16
VisualStudioVersion = 16.0.29806.167
MinimumVisualStudioVersion = 10.0.40219.1
Project("{FAE04EC0-301F-11D3-BF4B-00C04F79EFBC}") = "DemoMVC", "DemoMVC\DemoMVC.csproj", "{674AA755-F4A2-4F0E-B660-0A89FD08367B}"
EndProject
Global
	GlobalSection(SolutionConfigurationPlatforms) = preSolution
		Debug|Any CPU = Debug|Any CPU
		Release|Any CPU = Release|Any CPU
	EndGlobalSection
	GlobalSection(ProjectConfigurationPlatforms) = postSolution
		{674AA755-F4A2-4F0E-B660-0A89FD08367B}.Debug|Any CPU.ActiveCfg = Debug|Any CPU
		{674AA755-F4A2-4F0E-B660-0A89FD08367B}.Debug|Any CPU.Build.0 = Debug|Any CPU
		{674AA755-F4A2-4F0E-B660-0A89FD08367B}.Release|Any CPU.ActiveCfg = Release|Any CPU
		{674AA755-F4A2-4F0E-B660-0A89FD08367B}.Release|Any CPU.Build.0 = Release|Any CPU
	EndGlobalSection
	GlobalSection(SolutionProperties) = preSolution
		HideSolutionNode = FALSE
	EndGlobalSection
	GlobalSection(ExtensibilityGlobals) = postSolution
		SolutionGuid = {55A3C5EA-788B-4272-97DA-30D1EB405AC7}
	EndGlobalSection
EndGlobal
